
Microsoft Visual Studio Solution File, Format Version 12.00
# Visual Studio Version 17
VisualStudioVersion = 17.3.32929.385
MinimumVisualStudioVersion = 10.0.40219.1
Project("{FAE04EC0-301F-11D3-BF4B-00C04F79EFBC}") = "morsy2", "morsy2\morsy2.csproj", "{0CB39A8F-1DD0-4ED3-BA05-05D508DE5034}"
EndProject
Global
	GlobalSection(SolutionConfigurationPlatforms) = preSolution
		Debug|Any CPU = Debug|Any CPU
		Release|Any CPU = Release|Any CPU
	EndGlobalSection
	GlobalSection(ProjectConfigurationPlatforms) = postSolution
		{0CB39A8F-1DD0-4ED3-BA05-05D508DE5034}.Debug|Any CPU.ActiveCfg = Debug|Any CPU
		{0CB39A8F-1DD0-4ED3-BA05-05D508DE5034}.Debug|Any CPU.Build.0 = Debug|Any CPU
		{0CB39A8F-1DD0-4ED3-BA05-05D508DE5034}.Release|Any CPU.ActiveCfg = Release|Any CPU
		{0CB39A8F-1DD0-4ED3-BA05-05D508DE5034}.Release|Any CPU.Build.0 = Release|Any CPU
	EndGlobalSection
	GlobalSection(SolutionProperties) = preSolution
		HideSolutionNode = FALSE
	EndGlobalSection
	GlobalSection(ExtensibilityGlobals) = postSolution
		SolutionGuid = {4D501377-C15C-45C0-BAAD-1F485B922B19}
	EndGlobalSection
EndGlobal
